
Microsoft Visual Studio Solution File, Format Version 12.00
# Visual Studio Version 16
VisualStudioVersion = 16.0.30517.126
MinimumVisualStudioVersion = 10.0.40219.1
Project("{9A19103F-16F7-4668-BE54-9A1E7A4F7556}") = "Spotify", "Spotify\Spotify.csproj", "{4A99B3FF-03BB-4288-B415-7BCC2AF5D261}"
EndProject
Project("{9A19103F-16F7-4668-BE54-9A1E7A4F7556}") = "SpotifyAPI.Web", "..\..\SpotifyAPI-NET\SpotifyAPI.Web\SpotifyAPI.Web.csproj", "{D8724A79-3F86-425A-B78B-C9FB43E8FE11}"
EndProject
Global
	GlobalSection(SolutionConfigurationPlatforms) = preSolution
		Debug|Any CPU = Debug|Any CPU
		Release|Any CPU = Release|Any CPU
	EndGlobalSection
	GlobalSection(ProjectConfigurationPlatforms) = postSolution
		{4A99B3FF-03BB-4288-B415-7BCC2AF5D261}.Debug|Any CPU.ActiveCfg = Debug|Any CPU
		{4A99B3FF-03BB-4288-B415-7BCC2AF5D261}.Debug|Any CPU.Build.0 = Debug|Any CPU
		{4A99B3FF-03BB-4288-B415-7BCC2AF5D261}.Release|Any CPU.ActiveCfg = Release|Any CPU
		{4A99B3FF-03BB-4288-B415-7BCC2AF5D261}.Release|Any CPU.Build.0 = Release|Any CPU
		{D8724A79-3F86-425A-B78B-C9FB43E8FE11}.Debug|Any CPU.ActiveCfg = Debug|Any CPU
		{D8724A79-3F86-425A-B78B-C9FB43E8FE11}.Release|Any CPU.ActiveCfg = Release|Any CPU
		{D8724A79-3F86-425A-B78B-C9FB43E8FE11}.Release|Any CPU.Build.0 = Release|Any CPU
	EndGlobalSection
	GlobalSection(SolutionProperties) = preSolution
		HideSolutionNode = FALSE
	EndGlobalSection
	GlobalSection(ExtensibilityGlobals) = postSolution
		SolutionGuid = {DA11F756-75AC-4175-8442-294C5F09A5FF}
	EndGlobalSection
EndGlobal
